<?xml version="1.0" encoding="utf-8"?>
<Project ToolsVersion="4.0" xmlns="http://schemas.microsoft.com/developer/msbuild/2003">
  <ItemGroup>
    <Filter Include="src">
      <UniqueIdentifier>{17b228b2-fdf3-4208-b5d7-243c9e116d46}</UniqueIdentifier>
    </Filter>
    <Filter Include="include">
      <UniqueIdentifier>{7ad62a6f-6df8-4b2c-bc26-210a885012da}</UniqueIdentifier>
    </Filter>
    <Filter Include="assets">
      <UniqueIdentifier>{e4e1ad06-1b87-435c-b541-d11a4e86c32f}</UniqueIdentifier>
    </Filter>
    <Filter Include="include\Entities">
      <UniqueIdentifier>{ef0641c6-ce20-474f-93a1-e3519d4470ba}</UniqueIdentifier>
    </Filter>
    <Filter Include="src\Entities">
      <UniqueIdentifier>{7abe63cd-7c83-4e80-932d-792f04122683}</UniqueIdentifier>
    </Filter>
    <Filter Include="include\Core">
      <UniqueIdentifier>{d3c12708-c675-4fec-8ca7-217902be1d01}</UniqueIdentifier>
    </Filter>
    <Filter Include="include\World">
      <UniqueIdentifier>{1195121b-007b-49f8-9025-2d94c404f062}</UniqueIdentifier>
    </Filter>
    <Filter Include="src\Core">
      <UniqueIdentifier>{ed0e6e26-9f1f-475c-9c31-374156721a40}</UniqueIdentifier>
    </Filter>
    <Filter Include="src\World">
      <UniqueIdentifier>{a35984fb-00b2-40ed-ada6-0c64092ff2e9}</UniqueIdentifier>
    </Filter>
  </ItemGroup>
  <ItemGroup>
    <ClInclude Include="include\Entities\Car.h">
      <Filter>include\Entities</Filter>
    </ClInclude>
    <ClInclude Include="include\Core\ResourceManager.h">
      <Filter>include\Core</Filter>
    </ClInclude>
    <ClInclude Include="include\Core\Simulation.h">
      <Filter>include\Core</Filter>
    </ClInclude>
    <ClInclude Include="include\World\Road.h">
      <Filter>include\World</Filter>
    </ClInclude>
  </ItemGroup>
  <ItemGroup>
    <ClCompile Include="src\Entities\Car.cpp">
      <Filter>src\Entities</Filter>
    </ClCompile>
    <ClCompile Include="src\main.cpp">
      <Filter>src</Filter>
    </ClCompile>
    <ClCompile Include="src\Core\ResourceManager.cpp">
      <Filter>src\Core</Filter>
    </ClCompile>
    <ClCompile Include="src\Core\Simulation.cpp">
      <Filter>src\Core</Filter>
    </ClCompile>
    <ClCompile Include="src\World\Road.cpp">
      <Filter>src\World</Filter>
    </ClCompile>
  </ItemGroup>
  <ItemGroup>
    <None Include="vcpkg.json" />
  </ItemGroup>
</Project>